// !$*UTF8*$!
{
	archiveVersion = 1;
	classes = {
	};
	objectVersion = 77;
	objects = {

/* Begin PBXContainerItemProxy section */
		4E8DFF632F5394EE0076F7D1 /* PBXContainerItemProxy */ = {
			isa = PBXContainerItemProxy;
			containerPortal = 4E8DFF4D2F5394EC0076F7D1 /* Project object */;
			proxyType = 1;
			remoteGlobalIDString = 4E8DFF542F5394EC0076F7D1;
			remoteInfo = VoiceScribe;
		};
		4E8DFF6D2F5394EE0076F7D1 /* PBXContainerItemProxy */ = {
			isa = PBXContainerItemProxy;
			containerPortal = 4E8DFF4D2F5394EC0076F7D1 /* Project object */;
			proxyType = 1;
			remoteGlobalIDString = 4E8DFF542F5394EC0076F7D1;
			remoteInfo = VoiceScribe;
		};
/* End PBXContainerItemProxy section */

/* Begin PBXFileReference section */
		4E8DFF552F5394EC0076F7D1 /* VoiceScribe.app */ = {isa = PBXFileReference; explicitFileType = wrapper.application; includeInIndex = 0; path = VoiceScribe.app; sourceTree = BUILT_PRODUCTS_DIR; };
		4E8DFF622F5394EE0076F7D1 /* VoiceScribeTests.xctest */ = {isa = PBXFileReference; explicitFileType = wrapper.cfbundle; includeInIndex = 0; path = VoiceScribeTests.xctest; sourceTree = BUILT_PRODUCTS_DIR; };
		4E8DFF6C2F5394EE0076F7D1 /* VoiceScribeUITests.xctest */ = {isa = PBXFileReference; explicitFileType = wrapper.cfbundle; includeInIndex = 0; path = VoiceScribeUITests.xctest; sourceTree = BUILT_PRODUCTS_DIR; };
/* End PBXFileReference section */

/* Begin PBXFileSystemSynchronizedBuildFileExceptionSet section */
		4E8DFF802F5394EF0076F7D1 /* Exceptions for "VoiceScribe" folder in "VoiceScribe" target */ = {
			isa = PBXFileSystemSynchronizedBuildFileExceptionSet;
			membershipExceptions = (
				Info.plist,
			);
			target = 4E8DFF542F5394EC0076F7D1 /* VoiceScribe */;
		};
/* End PBXFileSystemSynchronizedBuildFileExceptionSet section */

/* Begin PBXFileSystemSynchronizedRootGroup section */
		4E8DFF572F5394EC0076F7D1 /* VoiceScribe */ = {
			isa = PBXFileSystemSynchronizedRootGroup;
			exceptions = (
				4E8DFF802F5394EF0076F7D1 /* Exceptions for "VoiceScribe" folder in "VoiceScribe" target */,
			);
			path = VoiceScribe;
			sourceTree = "<group>";
		};
		4E8DFF652F5394EE0076F7D1 /* VoiceScribeTests */ = {
			isa = PBXFileSystemSynchronizedRootGroup;
			path = VoiceScribeTests;
			sourceTree = "<group>";
		};
		4E8DFF6F2F5394EE0076F7D1 /* VoiceScribeUITests */ = {
			isa = PBXFileSystemSynchronizedRootGroup;
			path = VoiceScribeUITests;
			sourceTree = "<group>";
		};
/* End PBXFileSystemSynchronizedRootGroup section */

/* Begin PBXFrameworksBuildPhase section */
		4E8DFF522F5394EC0076F7D1 /* Frameworks */ = {
			isa = PBXFrameworksBuildPhase;
			buildActionMask = 2147483647;
			files = (
			);
			runOnlyForDeploymentPostprocessing = 0;
		};
		4E8DFF5F2F5394EE0076F7D1 /* Frameworks */ = {
			isa = PBXFrameworksBuildPhase;
			buildActionMask = 2147483647;
			files = (
			);
			runOnlyForDeploymentPostprocessing = 0;
		};
		4E8DFF692F5394EE0076F7D1 /* Frameworks */ = {
			isa = PBXFrameworksBuildPhase;
			buildActionMask = 2147483647;
			files = (
			);
			runOnlyForDeploymentPostprocessing = 0;
		};
/* End PBXFrameworksBuildPhase section */

/* Begin PBXGroup section */
		4E8DFF4C2F5394EC0076F7D1 = {
			isa = PBXGroup;
			children = (
				4E8DFF572F5394EC0076F7D1 /* VoiceScribe */,
				4E8DFF652F5394EE0076F7D1 /* VoiceScribeTests */,
				4E8DFF6F2F5394EE0076F7D1 /* VoiceScribeUITests */,
				4E8DFF562F5394EC0076F7D1 /* Products */,
			);
			sourceTree = "<group>";
		};
		4E8DFF562F5394EC0076F7D1 /* Products */ = {
			isa = PBXGroup;
			children = (
				4E8DFF552F5394EC0076F7D1 /* VoiceScribe.app */,
				4E8DFF622F5394EE0076F7D1 /* VoiceScribeTests.xctest */,
				4E8DFF6C2F5394EE0076F7D1 /* VoiceScribeUITests.xctest */,
			);
			name = Products;
			sourceTree = "<group>";
		};
/* End PBXGroup section */

/* Begin PBXNativeTarget section */
		4E8DFF542F5394EC0076F7D1 /* VoiceScribe */ = {
			isa = PBXNativeTarget;
			buildConfigurationList = 4E8DFF762F5394EE0076F7D1 /* Build configuration list for PBXNativeTarget "VoiceScribe" */;
			buildPhases = (
				4E8DFF512F5394EC0076F7D1 /* Sources */,
				4E8DFF522F5394EC0076F7D1 /* Frameworks */,
				4E8DFF532F5394EC0076F7D1 /* Resources */,
			);
			buildRules = (
			);
			dependencies = (
			);
			fileSystemSynchronizedGroups = (
				4E8DFF572F5394EC0076F7D1 /* VoiceScribe */,
			);
			name = VoiceScribe;
			packageProductDependencies = (
			);
			productName = VoiceScribe;
			productReference = 4E8DFF552F5394EC0076F7D1 /* VoiceScribe.app */;
			productType = "com.apple.product-type.application";
		};
		4E8DFF612F5394EE0076F7D1 /* VoiceScribeTests */ = {
			isa = PBXNativeTarget;
			buildConfigurationList = 4E8DFF792F5394EE0076F7D1 /* Build configuration list for PBXNativeTarget "VoiceScribeTests" */;
			buildPhases = (
				4E8DFF5E2F5394EE0076F7D1 /* Sources */,
				4E8DFF5F2F5394EE0076F7D1 /* Frameworks */,
				4E8DFF602F5394EE0076F7D1 /* Resources */,
			);
			buildRules = (
			);
			dependencies = (
				4E8DFF642F5394EE0076F7D1 /* PBXTargetDependency */,
			);
			fileSystemSynchronizedGroups = (
				4E8DFF652F5394EE0076F7D1 /* VoiceScribeTests */,
			);
			name = VoiceScribeTests;
			packageProductDependencies = (
			);
			productName = VoiceScribeTests;
			productReference = 4E8DFF622F5394EE0076F7D1 /* VoiceScribeTests.xctest */;
			productType = "com.apple.product-type.bundle.unit-test";
		};
		4E8DFF6B2F5394EE0076F7D1 /* VoiceScribeUITests */ = {
			isa = PBXNativeTarget;
			buildConfigurationList = 4E8DFF7C2F5394EE0076F7D1 /* Build configuration list for PBXNativeTarget "VoiceScribeUITests" */;
			buildPhases = (
				4E8DFF682F5394EE0076F7D1 /* Sources */,
				4E8DFF692F5394EE0076F7D1 /* Frameworks */,
				4E8DFF6A2F5394EE0076F7D1 /* Resources */,
			);
			buildRules = (
			);
			dependencies = (
				4E8DFF6E2F5394EE0076F7D1 /* PBXTargetDependency */,
			);
			fileSystemSynchronizedGroups = (
				4E8DFF6F2F5394EE0076F7D1 /* VoiceScribeUITests */,
			);
			name = VoiceScribeUITests;
			packageProductDependencies = (
			);
			productName = VoiceScribeUITests;
			productReference = 4E8DFF6C2F5394EE0076F7D1 /* VoiceScribeUITests.xctest */;
			productType = "com.apple.product-type.bundle.ui-testing";
		};
/* End PBXNativeTarget section */

/* Begin PBXProject section */
		4E8DFF4D2F5394EC0076F7D1 /* Project object */ = {
			isa = PBXProject;
			attributes = {
				BuildIndependentTargetsInParallel = 1;
				LastSwiftUpdateCheck = 2630;
				LastUpgradeCheck = 2630;
				TargetAttributes = {
					4E8DFF542F5394EC0076F7D1 = {
						CreatedOnToolsVersion = 26.3;
					};
					4E8DFF612F5394EE0076F7D1 = {
						CreatedOnToolsVersion = 26.3;
						TestTargetID = 4E8DFF542F5394EC0076F7D1;
					};
					4E8DFF6B2F5394EE0076F7D1 = {
						CreatedOnToolsVersion = 26.3;
						TestTargetID = 4E8DFF542F5394EC0076F7D1;
					};
				};
			};
			buildConfigurationList = 4E8DFF502F5394EC0076F7D1 /* Build configuration list for PBXProject "VoiceScribe" */;
			developmentRegion = en;
			hasScannedForEncodings = 0;
			knownRegions = (
				en,
				Base,
			);
			mainGroup = 4E8DFF4C2F5394EC0076F7D1;
			minimizedProjectReferenceProxies = 1;
			packageReferences = (
			);
			preferredProjectObjectVersion = 77;
			productRefGroup = 4E8DFF562F5394EC0076F7D1 /* Products */;
			projectDirPath = "";
			projectRoot = "";
			targets = (
				4E8DFF542F5394EC0076F7D1 /* VoiceScribe */,
				4E8DFF612F5394EE0076F7D1 /* VoiceScribeTests */,
				4E8DFF6B2F5394EE0076F7D1 /* VoiceScribeUITests */,
			);
		};
/* End PBXProject section */

/* Begin PBXResourcesBuildPhase section */
		4E8DFF532F5394EC0076F7D1 /* Resources */ = {
			isa = PBXResourcesBuildPhase;
			buildActionMask = 2147483647;
			files = (
			);
			runOnlyForDeploymentPostprocessing = 0;
		};
		4E8DFF602F5394EE0076F7D1 /* Resources */ = {
			isa = PBXResourcesBuildPhase;
			buildActionMask = 2147483647;
			files = (
			);
			runOnlyForDeploymentPostprocessing = 0;
		};
		4E8DFF6A2F5394EE0076F7D1 /* Resources */ = {
			isa = PBXResourcesBuildPhase;
			buildActionMask = 2147483647;
			files = (
			);
			runOnlyForDeploymentPostprocessing = 0;
		};
/* End PBXResourcesBuildPhase section */

/* Begin PBXSourcesBuildPhase section */
		4E8DFF512F5394EC0076F7D1 /* Sources */ = {
			isa = PBXSourcesBuildPhase;
			buildActionMask = 2147483647;
			files = (
			);
			runOnlyForDeploymentPostprocessing = 0;
		};
		4E8DFF5E2F5394EE0076F7D1 /* Sources */ = {
			isa = PBXSourcesBuildPhase;
			buildActionMask = 2147483647;
			files = (
			);
			runOnlyForDeploymentPostprocessing = 0;
		};
		4E8DFF682F5394EE0076F7D1 /* Sources */ = {
			isa = PBXSourcesBuildPhase;
			buildActionMask = 2147483647;
			files = (
			);
			runOnlyForDeploymentPostprocessing = 0;
		};
/* End PBXSourcesBuildPhase section */

/* Begin PBXTargetDependency section */
		4E8DFF642F5394EE0076F7D1 /* PBXTargetDependency */ = {
			isa = PBXTargetDependency;
			target = 4E8DFF542F5394EC0076F7D1 /* VoiceScribe */;
			targetProxy = 4E8DFF632F5394EE0076F7D1 /* PBXContainerItemProxy */;
		};
		4E8DFF6E2F5394EE0076F7D1 /* PBXTargetDependency */ = {
			isa = PBXTargetDependency;
			target = 4E8DFF542F5394EC0076F7D1 /* VoiceScribe */;
			targetProxy = 4E8DFF6D2F5394EE0076F7D1 /* PBXContainerItemProxy */;
		};
/* End PBXTargetDependency section */

/* Begin XCBuildConfiguration section */
		4E8DFF742F5394EE0076F7D1 /* Debug */ = {
			isa = XCBuildConfiguration;
			buildSettings = {
				ALWAYS_SEARCH_USER_PATHS = NO;
				ASSETCATALOG_COMPILER_GENERATE_SWIFT_ASSET_SYMBOL_EXTENSIONS = YES;
				CLANG_ANALYZER_NONNULL = YES;
				CLANG_ANALYZER_NUMBER_OBJECT_CONVERSION = YES_AGGRESSIVE;
				CLANG_CXX_LANGUAGE_STANDARD = "gnu++20";
				CLANG_ENABLE_MODULES = YES;
				CLANG_ENABLE_OBJC_ARC = YES;
				CLANG_ENABLE_OBJC_WEAK = YES;
				CLANG_WARN_BLOCK_CAPTURE_AUTORELEASING = YES;
				CLANG_WARN_BOOL_CONVERSION = YES;
				CLANG_WARN_COMMA = YES;
				CLANG_WARN_CONSTANT_CONVERSION = YES;
				CLANG_WARN_DEPRECATED_OBJC_IMPLEMENTATIONS = YES;
				CLANG_WARN_DIRECT_OBJC_ISA_USAGE = YES_ERROR;
				CLANG_WARN_DOCUMENTATION_COMMENTS = YES;
				CLANG_WARN_EMPTY_BODY = YES;
				CLANG_WARN_ENUM_CONVERSION = YES;
				CLANG_WARN_INFINITE_RECURSION = YES;
				CLANG_WARN_INT_CONVERSION = YES;
				CLANG_WARN_NON_LITERAL_NULL_CONVERSION = YES;
				CLANG_WARN_OBJC_IMPLICIT_RETAIN_SELF = YES;
				CLANG_WARN_OBJC_LITERAL_CONVERSION = YES;
				CLANG_WARN_OBJC_ROOT_CLASS = YES_ERROR;
				CLANG_WARN_QUOTED_INCLUDE_IN_FRAMEWORK_HEADER = YES;
				CLANG_WARN_RANGE_LOOP_ANALYSIS = YES;
				CLANG_WARN_STRICT_PROTOTYPES = YES;
				CLANG_WARN_SUSPICIOUS_MOVE = YES;
				CLANG_WARN_UNGUARDED_AVAILABILITY = YES_AGGRESSIVE;
				CLANG_WARN_UNREACHABLE_CODE = YES;
				CLANG_WARN__DUPLICATE_METHOD_MATCH = YES;
				COPY_PHASE_STRIP = NO;
				DEBUG_INFORMATION_FORMAT = dwarf;
				ENABLE_STRICT_OBJC_MSGSEND = YES;
				ENABLE_TESTABILITY = YES;
				ENABLE_USER_SCRIPT_SANDBOXING = YES;
				GCC_C_LANGUAGE_STANDARD = gnu17;
				GCC_DYNAMIC_NO_PIC = NO;
				GCC_NO_COMMON_BLOCKS = YES;
				GCC_OPTIMIZATION_LEVEL = 0;
				GCC_PREPROCESSOR_DEFINITIONS = (
					"DEBUG=1",
					"$(inherited)",
				);
				GCC_WARN_64_TO_32_BIT_CONVERSION = YES;
				GCC_WARN_ABOUT_RETURN_TYPE = YES_ERROR;
				GCC_WARN_UNDECLARED_SELECTOR = YES;
				GCC_WARN_UNINITIALIZED_AUTOS = YES_AGGRESSIVE;
				GCC_WARN_UNUSED_FUNCTION = YES;
				GCC_WARN_UNUSED_VARIABLE = YES;
				LOCALIZATION_PREFERS_STRING_CATALOGS = YES;
				MACOSX_DEPLOYMENT_TARGET = 14.0;
				MTL_ENABLE_DEBUG_INFO = INCLUDE_SOURCE;
				MTL_FAST_MATH = YES;
				ONLY_ACTIVE_ARCH = YES;
				SDKROOT = macosx;
				SWIFT_ACTIVE_COMPILATION_CONDITIONS = "DEBUG $(inherited)";
				SWIFT_OPTIMIZATION_LEVEL = "-Onone";
			};
			name = Debug;
		};
		4E8DFF752F5394EE0076F7D1 /* Release */ = {
			isa = XCBuildConfiguration;
			buildSettings = {
				ALWAYS_SEARCH_USER_PATHS = NO;
				ASSETCATALOG_COMPILER_GENERATE_SWIFT_ASSET_SYMBOL_EXTENSIONS = YES;
				CLANG_ANALYZER_NONNULL = YES;
				CLANG_ANALYZER_NUMBER_OBJECT_CONVERSION = YES_AGGRESSIVE;
				CLANG_CXX_LANGUAGE_STANDARD = "gnu++20";
				CLANG_ENABLE_MODULES = YES;
				CLANG_ENABLE_OBJC_ARC = YES;
				CLANG_ENABLE_OBJC_WEAK = YES;
				CLANG_WARN_BLOCK_CAPTURE_AUTORELEASING = YES;
				CLANG_WARN_BOOL_CONVERSION = YES;
				CLANG_WARN_COMMA = YES;
				CLANG_WARN_CONSTANT_CONVERSION = YES;
				CLANG_WARN_DEPRECATED_OBJC_IMPLEMENTATIONS = YES;
				CLANG_WARN_DIRECT_OBJC_ISA_USAGE = YES_ERROR;
				CLANG_WARN_DOCUMENTATION_COMMENTS = YES;
				CLANG_WARN_EMPTY_BODY = YES;
				CLANG_WARN_ENUM_CONVERSION = YES;
				CLANG_WARN_INFINITE_RECURSION = YES;
				CLANG_WARN_INT_CONVERSION = YES;
				CLANG_WARN_NON_LITERAL_NULL_CONVERSION = YES;
				CLANG_WARN_OBJC_IMPLICIT_RETAIN_SELF = YES;
				CLANG_WARN_OBJC_LITERAL_CONVERSION = YES;
				CLANG_WARN_OBJC_ROOT_CLASS = YES_ERROR;
				CLANG_WARN_QUOTED_INCLUDE_IN_FRAMEWORK_HEADER = YES;
				CLANG_WARN_RANGE_LOOP_ANALYSIS = YES;
				CLANG_WARN_STRICT_PROTOTYPES = YES;
				CLANG_WARN_SUSPICIOUS_MOVE = YES;
				CLANG_WARN_UNGUARDED_AVAILABILITY = YES_AGGRESSIVE;
				CLANG_WARN_UNREACHABLE_CODE = YES;
				CLANG_WARN__DUPLICATE_METHOD_MATCH = YES;
				COPY_PHASE_STRIP = NO;
				DEBUG_INFORMATION_FORMAT = "dwarf-with-dsym";
				ENABLE_NS_ASSERTIONS = NO;
				ENABLE_STRICT_OBJC_MSGSEND = YES;
				ENABLE_USER_SCRIPT_SANDBOXING = YES;
				GCC_C_LANGUAGE_STANDARD = gnu17;
				GCC_NO_COMMON_BLOCKS = YES;
				GCC_WARN_64_TO_32_BIT_CONVERSION = YES;
				GCC_WARN_ABOUT_RETURN_TYPE = YES_ERROR;
				GCC_WARN_UNDECLARED_SELECTOR = YES;
				GCC_WARN_UNINITIALIZED_AUTOS = YES_AGGRESSIVE;
				GCC_WARN_UNUSED_FUNCTION = YES;
				GCC_WARN_UNUSED_VARIABLE = YES;
				LOCALIZATION_PREFERS_STRING_CATALOGS = YES;
				MACOSX_DEPLOYMENT_TARGET = 14.0;
				MTL_ENABLE_DEBUG_INFO = NO;
				MTL_FAST_MATH = YES;
				SDKROOT = macosx;
				SWIFT_COMPILATION_MODE = wholemodule;
			};
			name = Release;
		};
		4E8DFF772F5394EE0076F7D1 /* Debug */ = {
			isa = XCBuildConfiguration;
			buildSettings = {
				ASSETCATALOG_COMPILER_APPICON_NAME = AppIcon;
				ASSETCATALOG_COMPILER_GLOBAL_ACCENT_COLOR_NAME = AccentColor;
				CODE_SIGN_ENTITLEMENTS = VoiceScribe/VoiceScribe.entitlements;
				CODE_SIGN_STYLE = Automatic;
				COMBINE_HIDPI_IMAGES = YES;
				CURRENT_PROJECT_VERSION = 1;
				ENABLE_PREVIEWS = YES;
				GENERATE_INFOPLIST_FILE = YES;
				INFOPLIST_FILE = VoiceScribe/Info.plist;
				INFOPLIST_KEY_NSHumanReadableCopyright = "";
				LD_RUNPATH_SEARCH_PATHS = (
					"$(inherited)",
					"@executable_path/../Frameworks",
				);
				MARKETING_VERSION = 1.0;
				PRODUCT_BUNDLE_IDENTIFIER = com.voicescribe.app.VoiceScribe;
				PRODUCT_NAME = "$(TARGET_NAME)";
				REGISTER_APP_GROUPS = YES;
				STRING_CATALOG_GENERATE_SYMBOLS = YES;
				SWIFT_APPROACHABLE_CONCURRENCY = YES;
				SWIFT_DEFAULT_ACTOR_ISOLATION = MainActor;
				SWIFT_EMIT_LOC_STRINGS = YES;
				SWIFT_UPCOMING_FEATURE_MEMBER_IMPORT_VISIBILITY = YES;
				SWIFT_VERSION = 5.0;
			};
			name = Debug;
		};
		4E8DFF782F5394EE0076F7D1 /* Release */ = {
			isa = XCBuildConfiguration;
			buildSettings = {
				ASSETCATALOG_COMPILER_APPICON_NAME = AppIcon;
				ASSETCATALOG_COMPILER_GLOBAL_ACCENT_COLOR_NAME = AccentColor;
				CODE_SIGN_ENTITLEMENTS = VoiceScribe/VoiceScribe.entitlements;
				CODE_SIGN_STYLE = Automatic;
				COMBINE_HIDPI_IMAGES = YES;
				CURRENT_PROJECT_VERSION = 1;
				ENABLE_PREVIEWS = YES;
				GENERATE_INFOPLIST_FILE = YES;
				INFOPLIST_FILE = VoiceScribe/Info.plist;
				INFOPLIST_KEY_NSHumanReadableCopyright = "";
				LD_RUNPATH_SEARCH_PATHS = (
					"$(inherited)",
					"@executable_path/../Frameworks",
				);
				MARKETING_VERSION = 1.0;
				PRODUCT_BUNDLE_IDENTIFIER = com.voicescribe.app.VoiceScribe;
				PRODUCT_NAME = "$(TARGET_NAME)";
				REGISTER_APP_GROUPS = YES;
				STRING_CATALOG_GENERATE_SYMBOLS = YES;
				SWIFT_APPROACHABLE_CONCURRENCY = YES;
				SWIFT_DEFAULT_ACTOR_ISOLATION = MainActor;
				SWIFT_EMIT_LOC_STRINGS = YES;
				SWIFT_UPCOMING_FEATURE_MEMBER_IMPORT_VISIBILITY = YES;
				SWIFT_VERSION = 5.0;
			};
			name = Release;
		};
		4E8DFF7A2F5394EE0076F7D1 /* Debug */ = {
			isa = XCBuildConfiguration;
			buildSettings = {
				BUNDLE_LOADER = "$(TEST_HOST)";
				CODE_SIGN_STYLE = Automatic;
				CURRENT_PROJECT_VERSION = 1;
				GENERATE_INFOPLIST_FILE = YES;
				MACOSX_DEPLOYMENT_TARGET = 14.0;
				MARKETING_VERSION = 1.0;
				PRODUCT_BUNDLE_IDENTIFIER = com.voicescribe.app.VoiceScribeTests;
				PRODUCT_NAME = "$(TARGET_NAME)";
				STRING_CATALOG_GENERATE_SYMBOLS = NO;
				SWIFT_APPROACHABLE_CONCURRENCY = YES;
				SWIFT_EMIT_LOC_STRINGS = NO;
				SWIFT_UPCOMING_FEATURE_MEMBER_IMPORT_VISIBILITY = YES;
				SWIFT_VERSION = 5.0;
				TEST_HOST = "$(BUILT_PRODUCTS_DIR)/VoiceScribe.app/$(BUNDLE_EXECUTABLE_FOLDER_PATH)/VoiceScribe";
			};
			name = Debug;
		};
		4E8DFF7B2F5394EE0076F7D1 /* Release */ = {
			isa = XCBuildConfiguration;
			buildSettings = {
				BUNDLE_LOADER = "$(TEST_HOST)";
				CODE_SIGN_STYLE = Automatic;
				CURRENT_PROJECT_VERSION = 1;
				GENERATE_INFOPLIST_FILE = YES;
				MACOSX_DEPLOYMENT_TARGET = 14.0;
				MARKETING_VERSION = 1.0;
				PRODUCT_BUNDLE_IDENTIFIER = com.voicescribe.app.VoiceScribeTests;
				PRODUCT_NAME = "$(TARGET_NAME)";
				STRING_CATALOG_GENERATE_SYMBOLS = NO;
				SWIFT_APPROACHABLE_CONCURRENCY = YES;
				SWIFT_EMIT_LOC_STRINGS = NO;
				SWIFT_UPCOMING_FEATURE_MEMBER_IMPORT_VISIBILITY = YES;
				SWIFT_VERSION = 5.0;
				TEST_HOST = "$(BUILT_PRODUCTS_DIR)/VoiceScribe.app/$(BUNDLE_EXECUTABLE_FOLDER_PATH)/VoiceScribe";
			};
			name = Release;
		};
		4E8DFF7D2F5394EE0076F7D1 /* Debug */ = {
			isa = XCBuildConfiguration;
			buildSettings = {
				CODE_SIGN_STYLE = Automatic;
				CURRENT_PROJECT_VERSION = 1;
				GENERATE_INFOPLIST_FILE = YES;
				MARKETING_VERSION = 1.0;
				PRODUCT_BUNDLE_IDENTIFIER = com.voicescribe.app.VoiceScribeUITests;
				PRODUCT_NAME = "$(TARGET_NAME)";
				STRING_CATALOG_GENERATE_SYMBOLS = NO;
				SWIFT_APPROACHABLE_CONCURRENCY = YES;
				SWIFT_EMIT_LOC_STRINGS = NO;
				SWIFT_UPCOMING_FEATURE_MEMBER_IMPORT_VISIBILITY = YES;
				SWIFT_VERSION = 5.0;
				TEST_TARGET_NAME = VoiceScribe;
			};
			name = Debug;
		};
		4E8DFF7E2F5394EE0076F7D1 /* Release */ = {
			isa = XCBuildConfiguration;
			buildSettings = {
				CODE_SIGN_STYLE = Automatic;
				CURRENT_PROJECT_VERSION = 1;
				GENERATE_INFOPLIST_FILE = YES;
				MARKETING_VERSION = 1.0;
				PRODUCT_BUNDLE_IDENTIFIER = com.voicescribe.app.VoiceScribeUITests;
				PRODUCT_NAME = "$(TARGET_NAME)";
				STRING_CATALOG_GENERATE_SYMBOLS = NO;
				SWIFT_APPROACHABLE_CONCURRENCY = YES;
				SWIFT_EMIT_LOC_STRINGS = NO;
				SWIFT_UPCOMING_FEATURE_MEMBER_IMPORT_VISIBILITY = YES;
				SWIFT_VERSION = 5.0;
				TEST_TARGET_NAME = VoiceScribe;
			};
			name = Release;
		};
/* End XCBuildConfiguration section */

/* Begin XCConfigurationList section */
		4E8DFF502F5394EC0076F7D1 /* Build configuration list for PBXProject "VoiceScribe" */ = {
			isa = XCConfigurationList;
			buildConfigurations = (
				4E8DFF742F5394EE0076F7D1 /* Debug */,
				4E8DFF752F5394EE0076F7D1 /* Release */,
			);
			defaultConfigurationIsVisible = 0;
			defaultConfigurationName = Release;
		};
		4E8DFF762F5394EE0076F7D1 /* Build configuration list for PBXNativeTarget "VoiceScribe" */ = {
			isa = XCConfigurationList;
			buildConfigurations = (
				4E8DFF772F5394EE0076F7D1 /* Debug */,
				4E8DFF782F5394EE0076F7D1 /* Release */,
			);
			defaultConfigurationIsVisible = 0;
			defaultConfigurationName = Release;
		};
		4E8DFF792F5394EE0076F7D1 /* Build configuration list for PBXNativeTarget "VoiceScribeTests" */ = {
			isa = XCConfigurationList;
			buildConfigurations = (
				4E8DFF7A2F5394EE0076F7D1 /* Debug */,
				4E8DFF7B2F5394EE0076F7D1 /* Release */,
			);
			defaultConfigurationIsVisible = 0;
			defaultConfigurationName = Release;
		};
		4E8DFF7C2F5394EE0076F7D1 /* Build configuration list for PBXNativeTarget "VoiceScribeUITests" */ = {
			isa = XCConfigurationList;
			buildConfigurations = (
				4E8DFF7D2F5394EE0076F7D1 /* Debug */,
				4E8DFF7E2F5394EE0076F7D1 /* Release */,
			);
			defaultConfigurationIsVisible = 0;
			defaultConfigurationName = Release;
		};
/* End XCConfigurationList section */
	};
	rootObject = 4E8DFF4D2F5394EC0076F7D1 /* Project object */;
}
